
Microsoft Visual Studio Solution File, Format Version 12.00
# Visual Studio Version 16
VisualStudioVersion = 16.0.29411.138
MinimumVisualStudioVersion = 10.0.40219.1
Project("{9A19103F-16F7-4668-BE54-9A1E7A4F7556}") = "Blazor.Net", "Blazor.Net.csproj", "{B3034872-7B5C-4D09-85C3-D54FF7C0A93B}"
EndProject
Global
	GlobalSection(SolutionConfigurationPlatforms) = preSolution
		Debug|Any CPU = Debug|Any CPU
		Release|Any CPU = Release|Any CPU
	EndGlobalSection
	GlobalSection(ProjectConfigurationPlatforms) = postSolution
		{B3034872-7B5C-4D09-85C3-D54FF7C0A93B}.Debug|Any CPU.ActiveCfg = Debug|Any CPU
		{B3034872-7B5C-4D09-85C3-D54FF7C0A93B}.Debug|Any CPU.Build.0 = Debug|Any CPU
		{B3034872-7B5C-4D09-85C3-D54FF7C0A93B}.Release|Any CPU.ActiveCfg = Release|Any CPU
		{B3034872-7B5C-4D09-85C3-D54FF7C0A93B}.Release|Any CPU.Build.0 = Release|Any CPU
	EndGlobalSection
	GlobalSection(SolutionProperties) = preSolution
		HideSolutionNode = FALSE
	EndGlobalSection
	GlobalSection(ExtensibilityGlobals) = postSolution
		SolutionGuid = {F846C0BA-C8A6-4F50-A5B9-C12D0543C9A6}
	EndGlobalSection
EndGlobal
